
Microsoft Visual Studio Solution File, Format Version 12.00
# Visual Studio 15
Project("{FAE04EC0-301F-11D3-BF4B-00C04F79EFBC}") = "Assembly-CSharp", "Assembly-CSharp.csproj", "{7DB74112-A7E0-1B4D-9838-DE86B8BAACFD}"
EndProject
Project("{FAE04EC0-301F-11D3-BF4B-00C04F79EFBC}") = "Assembly-CSharp-Editor", "Assembly-CSharp-Editor.csproj", "{EF422BD2-5154-1E05-F39A-B12B1766807E}"
EndProject
Global
	GlobalSection(SolutionConfigurationPlatforms) = preSolution
		Debug|Any CPU = Debug|Any CPU
		Release|Any CPU = Release|Any CPU
	EndGlobalSection
	GlobalSection(ProjectConfigurationPlatforms) = postSolution
		{7DB74112-A7E0-1B4D-9838-DE86B8BAACFD}.Debug|Any CPU.ActiveCfg = Debug|Any CPU
		{7DB74112-A7E0-1B4D-9838-DE86B8BAACFD}.Debug|Any CPU.Build.0 = Debug|Any CPU
		{7DB74112-A7E0-1B4D-9838-DE86B8BAACFD}.Release|Any CPU.ActiveCfg = Release|Any CPU
		{7DB74112-A7E0-1B4D-9838-DE86B8BAACFD}.Release|Any CPU.Build.0 = Release|Any CPU
		{EF422BD2-5154-1E05-F39A-B12B1766807E}.Debug|Any CPU.ActiveCfg = Debug|Any CPU
		{EF422BD2-5154-1E05-F39A-B12B1766807E}.Debug|Any CPU.Build.0 = Debug|Any CPU
		{EF422BD2-5154-1E05-F39A-B12B1766807E}.Release|Any CPU.ActiveCfg = Release|Any CPU
		{EF422BD2-5154-1E05-F39A-B12B1766807E}.Release|Any CPU.Build.0 = Release|Any CPU
	EndGlobalSection
	GlobalSection(SolutionProperties) = preSolution
		HideSolutionNode = FALSE
	EndGlobalSection
EndGlobal
